
Microsoft Visual Studio Solution File, Format Version 12.00
# Visual Studio 15
VisualStudioVersion = 15.0.27004.2010
MinimumVisualStudioVersion = 10.0.40219.1
Project("{2150E333-8FDC-42A3-9474-1A3956D46DE8}") = "src", "src", "{2381C917-B7F3-41E6-9B63-470EC418744E}"
EndProject
Project("{2150E333-8FDC-42A3-9474-1A3956D46DE8}") = "demo", "demo", "{ADAB7BFE-EDFC-4FA9-A55E-EC13AA42475F}"
EndProject
Project("{2150E333-8FDC-42A3-9474-1A3956D46DE8}") = "test", "test", "{574AFC55-CAC4-492D-ACAD-7B0B0073FEB8}"
EndProject
Project("{9A19103F-16F7-4668-BE54-9A1E7A4F7556}") = "PrintClassInstanceLib", "src\PrintClassInstanceLib\PrintClassInstanceLib.csproj", "{8A7BD468-B937-49E6-A75F-6168B40B6510}"
EndProject
Project("{9A19103F-16F7-4668-BE54-9A1E7A4F7556}") = "DemoCore", "demo\DemoCore\DemoCore.csproj", "{57C9C0EB-08D4-4717-8678-87676A7363E5}"
EndProject
Project("{9A19103F-16F7-4668-BE54-9A1E7A4F7556}") = "LibraryTests", "test\LibraryTests\LibraryTests.csproj", "{C3C9DE02-FF93-4414-AF85-D2755533DD7B}"
EndProject
Project("{2150E333-8FDC-42A3-9474-1A3956D46DE8}") = "nugettest", "nugettest", "{78CED05C-EE9D-4236-8ED8-21E55AB817FB}"
EndProject
Project("{9A19103F-16F7-4668-BE54-9A1E7A4F7556}") = "NugetTests", "nugettest\NugetTests\NugetTests.csproj", "{D10B1EA3-1E57-4068-BC20-389657E75963}"
EndProject
Global
	GlobalSection(SolutionConfigurationPlatforms) = preSolution
		Debug|Any CPU = Debug|Any CPU
		Release|Any CPU = Release|Any CPU
	EndGlobalSection
	GlobalSection(ProjectConfigurationPlatforms) = postSolution
		{8A7BD468-B937-49E6-A75F-6168B40B6510}.Debug|Any CPU.ActiveCfg = Debug|Any CPU
		{8A7BD468-B937-49E6-A75F-6168B40B6510}.Debug|Any CPU.Build.0 = Debug|Any CPU
		{8A7BD468-B937-49E6-A75F-6168B40B6510}.Release|Any CPU.ActiveCfg = Release|Any CPU
		{8A7BD468-B937-49E6-A75F-6168B40B6510}.Release|Any CPU.Build.0 = Release|Any CPU
		{57C9C0EB-08D4-4717-8678-87676A7363E5}.Debug|Any CPU.ActiveCfg = Debug|Any CPU
		{57C9C0EB-08D4-4717-8678-87676A7363E5}.Release|Any CPU.ActiveCfg = Release|Any CPU
		{57C9C0EB-08D4-4717-8678-87676A7363E5}.Release|Any CPU.Build.0 = Release|Any CPU
		{C3C9DE02-FF93-4414-AF85-D2755533DD7B}.Debug|Any CPU.ActiveCfg = Debug|Any CPU
		{C3C9DE02-FF93-4414-AF85-D2755533DD7B}.Release|Any CPU.ActiveCfg = Release|Any CPU
		{C3C9DE02-FF93-4414-AF85-D2755533DD7B}.Release|Any CPU.Build.0 = Release|Any CPU
		{D10B1EA3-1E57-4068-BC20-389657E75963}.Debug|Any CPU.ActiveCfg = Debug|Any CPU
		{D10B1EA3-1E57-4068-BC20-389657E75963}.Release|Any CPU.ActiveCfg = Release|Any CPU
		{D10B1EA3-1E57-4068-BC20-389657E75963}.Release|Any CPU.Build.0 = Release|Any CPU
	EndGlobalSection
	GlobalSection(SolutionProperties) = preSolution
		HideSolutionNode = FALSE
	EndGlobalSection
	GlobalSection(NestedProjects) = preSolution
		{8A7BD468-B937-49E6-A75F-6168B40B6510} = {2381C917-B7F3-41E6-9B63-470EC418744E}
		{57C9C0EB-08D4-4717-8678-87676A7363E5} = {ADAB7BFE-EDFC-4FA9-A55E-EC13AA42475F}
		{C3C9DE02-FF93-4414-AF85-D2755533DD7B} = {574AFC55-CAC4-492D-ACAD-7B0B0073FEB8}
		{D10B1EA3-1E57-4068-BC20-389657E75963} = {78CED05C-EE9D-4236-8ED8-21E55AB817FB}
	EndGlobalSection
	GlobalSection(ExtensibilityGlobals) = postSolution
		SolutionGuid = {8DCA6F69-FC7C-4C1D-93F3-08203DC6A045}
	EndGlobalSection
EndGlobal
