
Microsoft Visual Studio Solution File, Format Version 12.00
# Visual Studio 14
VisualStudioVersion = 14.0.25420.1
MinimumVisualStudioVersion = 10.0.40219.1
Project("{FAE04EC0-301F-11D3-BF4B-00C04F79EFBC}") = "Demo462", "Demo462\Demo462.csproj", "{EC3A4F61-B9D9-47A2-851E-FC29DBCA542D}"
EndProject
Project("{FAE04EC0-301F-11D3-BF4B-00C04F79EFBC}") = "Demo461", "Demo461\Demo461.csproj", "{A45B8CB6-C1E8-4B44-B34E-AE0616E9EB26}"
EndProject
Project("{FAE04EC0-301F-11D3-BF4B-00C04F79EFBC}") = "Demo46", "Demo46\Demo46.csproj", "{94183722-A273-4A39-9A3C-05422E27520B}"
EndProject
Global
	GlobalSection(SolutionConfigurationPlatforms) = preSolution
		Debug|Any CPU = Debug|Any CPU
		Release|Any CPU = Release|Any CPU
	EndGlobalSection
	GlobalSection(ProjectConfigurationPlatforms) = postSolution
		{EC3A4F61-B9D9-47A2-851E-FC29DBCA542D}.Debug|Any CPU.ActiveCfg = Debug|Any CPU
		{EC3A4F61-B9D9-47A2-851E-FC29DBCA542D}.Debug|Any CPU.Build.0 = Debug|Any CPU
		{EC3A4F61-B9D9-47A2-851E-FC29DBCA542D}.Release|Any CPU.ActiveCfg = Release|Any CPU
		{EC3A4F61-B9D9-47A2-851E-FC29DBCA542D}.Release|Any CPU.Build.0 = Release|Any CPU
		{A45B8CB6-C1E8-4B44-B34E-AE0616E9EB26}.Debug|Any CPU.ActiveCfg = Debug|Any CPU
		{A45B8CB6-C1E8-4B44-B34E-AE0616E9EB26}.Debug|Any CPU.Build.0 = Debug|Any CPU
		{A45B8CB6-C1E8-4B44-B34E-AE0616E9EB26}.Release|Any CPU.ActiveCfg = Release|Any CPU
		{A45B8CB6-C1E8-4B44-B34E-AE0616E9EB26}.Release|Any CPU.Build.0 = Release|Any CPU
		{94183722-A273-4A39-9A3C-05422E27520B}.Debug|Any CPU.ActiveCfg = Debug|Any CPU
		{94183722-A273-4A39-9A3C-05422E27520B}.Debug|Any CPU.Build.0 = Debug|Any CPU
		{94183722-A273-4A39-9A3C-05422E27520B}.Release|Any CPU.ActiveCfg = Release|Any CPU
		{94183722-A273-4A39-9A3C-05422E27520B}.Release|Any CPU.Build.0 = Release|Any CPU
	EndGlobalSection
	GlobalSection(SolutionProperties) = preSolution
		HideSolutionNode = FALSE
	EndGlobalSection
EndGlobal
